
Microsoft Visual Studio Solution File, Format Version 12.00
# Visual Studio Version 16
VisualStudioVersion = 16.0.31129.286
MinimumVisualStudioVersion = 10.0.40219.1
Project("{FAE04EC0-301F-11D3-BF4B-00C04F79EFBC}") = "Практическая работа №5", "Практическая работа №5.csproj", "{6A0AD425-039A-4FF6-865B-DEB7D27F77C7}"
EndProject
Global
	GlobalSection(SolutionConfigurationPlatforms) = preSolution
		Debug|Any CPU = Debug|Any CPU
		Release|Any CPU = Release|Any CPU
	EndGlobalSection
	GlobalSection(ProjectConfigurationPlatforms) = postSolution
		{6A0AD425-039A-4FF6-865B-DEB7D27F77C7}.Debug|Any CPU.ActiveCfg = Debug|Any CPU
		{6A0AD425-039A-4FF6-865B-DEB7D27F77C7}.Debug|Any CPU.Build.0 = Debug|Any CPU
		{6A0AD425-039A-4FF6-865B-DEB7D27F77C7}.Release|Any CPU.ActiveCfg = Release|Any CPU
		{6A0AD425-039A-4FF6-865B-DEB7D27F77C7}.Release|Any CPU.Build.0 = Release|Any CPU
	EndGlobalSection
	GlobalSection(SolutionProperties) = preSolution
		HideSolutionNode = FALSE
	EndGlobalSection
	GlobalSection(ExtensibilityGlobals) = postSolution
		SolutionGuid = {3A6DE2C7-4258-47F4-8032-983077B2BF89}
	EndGlobalSection
EndGlobal
