
Microsoft Visual Studio Solution File, Format Version 12.00
# Visual Studio Version 16
VisualStudioVersion = 16.0.31129.286
MinimumVisualStudioVersion = 10.0.40219.1
Project("{FAE04EC0-301F-11D3-BF4B-00C04F79EFBC}") = "Практическая работа №4", "Практическая работа №4.csproj", "{32B7D05A-1630-4F00-945C-FC579F678DEF}"
EndProject
Global
	GlobalSection(SolutionConfigurationPlatforms) = preSolution
		Debug|Any CPU = Debug|Any CPU
		Release|Any CPU = Release|Any CPU
	EndGlobalSection
	GlobalSection(ProjectConfigurationPlatforms) = postSolution
		{32B7D05A-1630-4F00-945C-FC579F678DEF}.Debug|Any CPU.ActiveCfg = Debug|Any CPU
		{32B7D05A-1630-4F00-945C-FC579F678DEF}.Debug|Any CPU.Build.0 = Debug|Any CPU
		{32B7D05A-1630-4F00-945C-FC579F678DEF}.Release|Any CPU.ActiveCfg = Release|Any CPU
		{32B7D05A-1630-4F00-945C-FC579F678DEF}.Release|Any CPU.Build.0 = Release|Any CPU
	EndGlobalSection
	GlobalSection(SolutionProperties) = preSolution
		HideSolutionNode = FALSE
	EndGlobalSection
	GlobalSection(ExtensibilityGlobals) = postSolution
		SolutionGuid = {BA6176D0-D2A8-4EE1-BE9D-BDBE93FB0FFF}
	EndGlobalSection
EndGlobal
